
Microsoft Visual Studio Solution File, Format Version 12.00
# Visual Studio Version 16
VisualStudioVersion = 16.0.33027.164
MinimumVisualStudioVersion = 10.0.40219.1
Project("{FAE04EC0-301F-11D3-BF4B-00C04F79EFBC}") = "MobileShop.WebApp", "MobileShop.WebApp\MobileShop.WebApp.csproj", "{9F9B6EC4-11E8-4722-ACC8-03819B2FBD38}"
EndProject
Global
	GlobalSection(SolutionConfigurationPlatforms) = preSolution
		Debug|Any CPU = Debug|Any CPU
		Release|Any CPU = Release|Any CPU
	EndGlobalSection
	GlobalSection(ProjectConfigurationPlatforms) = postSolution
		{9F9B6EC4-11E8-4722-ACC8-03819B2FBD38}.Debug|Any CPU.ActiveCfg = Debug|Any CPU
		{9F9B6EC4-11E8-4722-ACC8-03819B2FBD38}.Debug|Any CPU.Build.0 = Debug|Any CPU
		{9F9B6EC4-11E8-4722-ACC8-03819B2FBD38}.Release|Any CPU.ActiveCfg = Release|Any CPU
		{9F9B6EC4-11E8-4722-ACC8-03819B2FBD38}.Release|Any CPU.Build.0 = Release|Any CPU
	EndGlobalSection
	GlobalSection(SolutionProperties) = preSolution
		HideSolutionNode = FALSE
	EndGlobalSection
	GlobalSection(ExtensibilityGlobals) = postSolution
		SolutionGuid = {0CC0B2C1-7402-4A73-901A-469E610EC58E}
	EndGlobalSection
EndGlobal
